
Microsoft Visual Studio Solution File, Format Version 12.00
# Visual Studio Version 17
VisualStudioVersion = 17.8.34309.116
MinimumVisualStudioVersion = 10.0.40219.1
Project("{FAE04EC0-301F-11D3-BF4B-00C04F79EFBC}") = "Практична 6", "Практична 6.csproj", "{DBCEB630-CCBC-433E-A1AA-B53AE27BA838}"
EndProject
Global
	GlobalSection(SolutionConfigurationPlatforms) = preSolution
		Debug|Any CPU = Debug|Any CPU
		Release|Any CPU = Release|Any CPU
	EndGlobalSection
	GlobalSection(ProjectConfigurationPlatforms) = postSolution
		{DBCEB630-CCBC-433E-A1AA-B53AE27BA838}.Debug|Any CPU.ActiveCfg = Debug|Any CPU
		{DBCEB630-CCBC-433E-A1AA-B53AE27BA838}.Debug|Any CPU.Build.0 = Debug|Any CPU
		{DBCEB630-CCBC-433E-A1AA-B53AE27BA838}.Release|Any CPU.ActiveCfg = Release|Any CPU
		{DBCEB630-CCBC-433E-A1AA-B53AE27BA838}.Release|Any CPU.Build.0 = Release|Any CPU
	EndGlobalSection
	GlobalSection(SolutionProperties) = preSolution
		HideSolutionNode = FALSE
	EndGlobalSection
	GlobalSection(ExtensibilityGlobals) = postSolution
		SolutionGuid = {A7E5A15A-F173-4C81-BC51-62876751BE13}
	EndGlobalSection
EndGlobal
