
Microsoft Visual Studio Solution File, Format Version 12.00
# Visual Studio Version 17
VisualStudioVersion = 17.5.33530.505
MinimumVisualStudioVersion = 10.0.40219.1
Project("{FAE04EC0-301F-11D3-BF4B-00C04F79EFBC}") = "Приклад 4", "Приклад 4.csproj", "{1781F8BF-E0DF-40F8-A4A1-36356ED23226}"
EndProject
Global
	GlobalSection(SolutionConfigurationPlatforms) = preSolution
		Debug|Any CPU = Debug|Any CPU
		Release|Any CPU = Release|Any CPU
	EndGlobalSection
	GlobalSection(ProjectConfigurationPlatforms) = postSolution
		{1781F8BF-E0DF-40F8-A4A1-36356ED23226}.Debug|Any CPU.ActiveCfg = Debug|Any CPU
		{1781F8BF-E0DF-40F8-A4A1-36356ED23226}.Debug|Any CPU.Build.0 = Debug|Any CPU
		{1781F8BF-E0DF-40F8-A4A1-36356ED23226}.Release|Any CPU.ActiveCfg = Release|Any CPU
		{1781F8BF-E0DF-40F8-A4A1-36356ED23226}.Release|Any CPU.Build.0 = Release|Any CPU
	EndGlobalSection
	GlobalSection(SolutionProperties) = preSolution
		HideSolutionNode = FALSE
	EndGlobalSection
	GlobalSection(ExtensibilityGlobals) = postSolution
		SolutionGuid = {0C591EFA-FDD2-4E42-A2B0-294D639EFC4F}
	EndGlobalSection
EndGlobal
