
Microsoft Visual Studio Solution File, Format Version 12.00
# Visual Studio Version 17
VisualStudioVersion = 17.5.33530.505
MinimumVisualStudioVersion = 10.0.40219.1
Project("{FAE04EC0-301F-11D3-BF4B-00C04F79EFBC}") = "Завдання 3", "Завдання 3.csproj", "{805528AC-C113-4F11-B4E6-7CAAD3FC0E75}"
EndProject
Global
	GlobalSection(SolutionConfigurationPlatforms) = preSolution
		Debug|Any CPU = Debug|Any CPU
		Release|Any CPU = Release|Any CPU
	EndGlobalSection
	GlobalSection(ProjectConfigurationPlatforms) = postSolution
		{805528AC-C113-4F11-B4E6-7CAAD3FC0E75}.Debug|Any CPU.ActiveCfg = Debug|Any CPU
		{805528AC-C113-4F11-B4E6-7CAAD3FC0E75}.Debug|Any CPU.Build.0 = Debug|Any CPU
		{805528AC-C113-4F11-B4E6-7CAAD3FC0E75}.Release|Any CPU.ActiveCfg = Release|Any CPU
		{805528AC-C113-4F11-B4E6-7CAAD3FC0E75}.Release|Any CPU.Build.0 = Release|Any CPU
	EndGlobalSection
	GlobalSection(SolutionProperties) = preSolution
		HideSolutionNode = FALSE
	EndGlobalSection
	GlobalSection(ExtensibilityGlobals) = postSolution
		SolutionGuid = {5691FF22-5BEF-43B4-8E8B-E59EB9CFB13E}
	EndGlobalSection
EndGlobal
